
Microsoft Visual Studio Solution File, Format Version 12.00
# Visual Studio Version 16
VisualStudioVersion = 25.0.1706.14
MinimumVisualStudioVersion = 10.0.40219.1
Project("{FAE04EC0-301F-11D3-BF4B-00C04F79EFBC}") = "TP_MODUL10_103022300012", "TP_MODUL10_103022300012\TP_MODUL10_103022300012.csproj", "{B1B74614-F955-47C4-8BD3-139EA941E120}"
EndProject
Global
	GlobalSection(SolutionConfigurationPlatforms) = preSolution
		Debug|Any CPU = Debug|Any CPU
		Release|Any CPU = Release|Any CPU
	EndGlobalSection
	GlobalSection(ProjectConfigurationPlatforms) = postSolution
		{B1B74614-F955-47C4-8BD3-139EA941E120}.Debug|Any CPU.ActiveCfg = Debug|Any CPU
		{B1B74614-F955-47C4-8BD3-139EA941E120}.Debug|Any CPU.Build.0 = Debug|Any CPU
		{B1B74614-F955-47C4-8BD3-139EA941E120}.Release|Any CPU.ActiveCfg = Release|Any CPU
		{B1B74614-F955-47C4-8BD3-139EA941E120}.Release|Any CPU.Build.0 = Release|Any CPU
	EndGlobalSection
	GlobalSection(SolutionProperties) = preSolution
		HideSolutionNode = FALSE
	EndGlobalSection
	GlobalSection(ExtensibilityGlobals) = postSolution
		SolutionGuid = {C843C2C4-7E6C-4019-87C5-5DE6CF09DF3F}
	EndGlobalSection
EndGlobal
